// !$*UTF8*$!
{
	archiveVersion = 1;
	classes = {
	};
	objectVersion = 46;
	objects = {

/* Begin PBXBuildFile section */
		030C61D71D545AF9006BC7A5 /* ThreadPool.cpp in Sources */ = {isa = PBXBuildFile; fileRef = 030C61D51D545AF9006BC7A5 /* ThreadPool.cpp */; };
		03380B621D2D4B1900CB6B4E /* Endian.cpp in Sources */ = {isa = PBXBuildFile; fileRef = 033809F81D2D4B1900CB6B4E /* Endian.cpp */; };
		03380B631D2D4B1900CB6B4E /* IPAddress.cpp in Sources */ = {isa = PBXBuildFile; fileRef = 033809FA1D2D4B1900CB6B4E /* IPAddress.cpp */; };
		03380B641D2D4B1900CB6B4E /* Packer.cpp in Sources */ = {isa = PBXBuildFile; fileRef = 033809FC1D2D4B1900CB6B4E /* Packer.cpp */; };
		03380B651D2D4B1900CB6B4E /* Packet.cpp in Sources */ = {isa = PBXBuildFile; fileRef = 033809FE1D2D4B1900CB6B4E /* Packet.cpp */; };
		03380B661D2D4B1900CB6B4E /* SKBuffer.cpp in Sources */ = {isa = PBXBuildFile; fileRef = 03380A001D2D4B1900CB6B4E /* SKBuffer.cpp */; };
		03380B671D2D4B1900CB6B4E /* TCPClient.cpp in Sources */ = {isa = PBXBuildFile; fileRef = 03380A021D2D4B1900CB6B4E /* TCPClient.cpp */; };
		03380B681D2D4B1900CB6B4E /* TCPConnector.cpp in Sources */ = {isa = PBXBuildFile; fileRef = 03380A041D2D4B1900CB6B4E /* TCPConnector.cpp */; };
		03380B691D2D4B1900CB6B4E /* TCPSession.cpp in Sources */ = {isa = PBXBuildFile; fileRef = 03380A061D2D4B1900CB6B4E /* TCPSession.cpp */; };
		03380B6A1D2D4B1900CB6B4E /* TCPSocket.cpp in Sources */ = {isa = PBXBuildFile; fileRef = 03380A081D2D4B1900CB6B4E /* TCPSocket.cpp */; };
		03380C3F1D2D4B1A00CB6B4E /* IOBuffer.cpp in Sources */ = {isa = PBXBuildFile; fileRef = 03380B531D2D4B1900CB6B4E /* IOBuffer.cpp */; };
		03380C401D2D4B1A00CB6B4E /* ConcurrentTaskQueue.cpp in Sources */ = {isa = PBXBuildFile; fileRef = 03380B571D2D4B1900CB6B4E /* ConcurrentTaskQueue.cpp */; };
		03380C411D2D4B1A00CB6B4E /* MessageLoop.cpp in Sources */ = {isa = PBXBuildFile; fileRef = 03380B591D2D4B1900CB6B4E /* MessageLoop.cpp */; };
		03380C421D2D4B1A00CB6B4E /* Task.cpp in Sources */ = {isa = PBXBuildFile; fileRef = 03380B5B1D2D4B1900CB6B4E /* Task.cpp */; };
		03380C431D2D4B1A00CB6B4E /* Time.cpp in Sources */ = {isa = PBXBuildFile; fileRef = 03380B5D1D2D4B1900CB6B4E /* Time.cpp */; };
		03380C441D2D4B1A00CB6B4E /* Thread.cpp in Sources */ = {isa = PBXBuildFile; fileRef = 03380B601D2D4B1900CB6B4E /* Thread.cpp */; };
		0356BA201D32525B005C95CD /* fs-poll.c in Sources */ = {isa = PBXBuildFile; fileRef = 0356B9301D32525B005C95CD /* fs-poll.c */; };
		0356BA211D32525B005C95CD /* inet.c in Sources */ = {isa = PBXBuildFile; fileRef = 0356B9321D32525B005C95CD /* inet.c */; };
		0356BA221D32525B005C95CD /* threadpool.c in Sources */ = {isa = PBXBuildFile; fileRef = 0356B9341D32525B005C95CD /* threadpool.c */; };
		0356BA251D32525B005C95CD /* async.c in Sources */ = {isa = PBXBuildFile; fileRef = 0356B9381D32525B005C95CD /* async.c */; };
		0356BA261D32525B005C95CD /* core.c in Sources */ = {isa = PBXBuildFile; fileRef = 0356B93A1D32525B005C95CD /* core.c */; };
		0356BA271D32525B005C95CD /* darwin-proctitle.c in Sources */ = {isa = PBXBuildFile; fileRef = 0356B93B1D32525B005C95CD /* darwin-proctitle.c */; };
		0356BA281D32525B005C95CD /* darwin.c in Sources */ = {isa = PBXBuildFile; fileRef = 0356B93C1D32525B005C95CD /* darwin.c */; };
		0356BA291D32525B005C95CD /* dl.c in Sources */ = {isa = PBXBuildFile; fileRef = 0356B93D1D32525B005C95CD /* dl.c */; };
		0356BA2B1D32525B005C95CD /* fs.c in Sources */ = {isa = PBXBuildFile; fileRef = 0356B93F1D32525B005C95CD /* fs.c */; };
		0356BA2C1D32525B005C95CD /* fsevents.c in Sources */ = {isa = PBXBuildFile; fileRef = 0356B9401D32525B005C95CD /* fsevents.c */; };
		0356BA2D1D32525B005C95CD /* getaddrinfo.c in Sources */ = {isa = PBXBuildFile; fileRef = 0356B9411D32525B005C95CD /* getaddrinfo.c */; };
		0356BA2E1D32525B005C95CD /* getnameinfo.c in Sources */ = {isa = PBXBuildFile; fileRef = 0356B9421D32525B005C95CD /* getnameinfo.c */; };
		0356BA2F1D32525B005C95CD /* kqueue.c in Sources */ = {isa = PBXBuildFile; fileRef = 0356B9441D32525B005C95CD /* kqueue.c */; };
		0356BA331D32525B005C95CD /* loop-watcher.c in Sources */ = {isa = PBXBuildFile; fileRef = 0356B9491D32525B005C95CD /* loop-watcher.c */; };
		0356BA341D32525B005C95CD /* loop.c in Sources */ = {isa = PBXBuildFile; fileRef = 0356B94A1D32525B005C95CD /* loop.c */; };
		0356BA371D32525B005C95CD /* pipe.c in Sources */ = {isa = PBXBuildFile; fileRef = 0356B94D1D32525B005C95CD /* pipe.c */; };
		0356BA381D32525B005C95CD /* poll.c in Sources */ = {isa = PBXBuildFile; fileRef = 0356B94E1D32525B005C95CD /* poll.c */; };
		0356BA391D32525B005C95CD /* process.c in Sources */ = {isa = PBXBuildFile; fileRef = 0356B94F1D32525B005C95CD /* process.c */; };
		0356BA3A1D32525B005C95CD /* proctitle.c in Sources */ = {isa = PBXBuildFile; fileRef = 0356B9501D32525B005C95CD /* proctitle.c */; };
		0356BA3C1D32525B005C95CD /* signal.c in Sources */ = {isa = PBXBuildFile; fileRef = 0356B9521D32525B005C95CD /* signal.c */; };
		0356BA3D1D32525B005C95CD /* stream.c in Sources */ = {isa = PBXBuildFile; fileRef = 0356B9541D32525B005C95CD /* stream.c */; };
		0356BA3F1D32525B005C95CD /* tcp.c in Sources */ = {isa = PBXBuildFile; fileRef = 0356B9561D32525B005C95CD /* tcp.c */; };
		0356BA401D32525B005C95CD /* thread.c in Sources */ = {isa = PBXBuildFile; fileRef = 0356B9571D32525B005C95CD /* thread.c */; };
		0356BA411D32525B005C95CD /* timer.c in Sources */ = {isa = PBXBuildFile; fileRef = 0356B9581D32525B005C95CD /* timer.c */; };
		0356BA421D32525B005C95CD /* tty.c in Sources */ = {isa = PBXBuildFile; fileRef = 0356B9591D32525B005C95CD /* tty.c */; };
		0356BA431D32525B005C95CD /* udp.c in Sources */ = {isa = PBXBuildFile; fileRef = 0356B95A1D32525B005C95CD /* udp.c */; };
		0356BA441D32525B005C95CD /* uv-common.c in Sources */ = {isa = PBXBuildFile; fileRef = 0356B95B1D32525B005C95CD /* uv-common.c */; };
		0356BA451D32525B005C95CD /* version.c in Sources */ = {isa = PBXBuildFile; fileRef = 0356B95D1D32525B005C95CD /* version.c */; };
		03D451BE1D34D03200A2C630 /* http_parser.c in Sources */ = {isa = PBXBuildFile; fileRef = 03D451B41D34D03200A2C630 /* http_parser.c */; };
		03D451C41D34DBE700A2C630 /* URLResponse.cpp in Sources */ = {isa = PBXBuildFile; fileRef = 03D451C21D34DBE700A2C630 /* URLResponse.cpp */; };
		03D451C71D35322900A2C630 /* HTTPParser.cpp in Sources */ = {isa = PBXBuildFile; fileRef = 03D451C51D35322900A2C630 /* HTTPParser.cpp */; };
		03D451CA1D36830200A2C630 /* URL.cpp in Sources */ = {isa = PBXBuildFile; fileRef = 03D451C81D36830200A2C630 /* URL.cpp */; };
		03D7ABD41D337788000C5E89 /* URLRequest.cpp in Sources */ = {isa = PBXBuildFile; fileRef = 03D7ABD21D337788000C5E89 /* URLRequest.cpp */; };
		03DCE4C61D76A8F10016AC9A /* format.cc in Sources */ = {isa = PBXBuildFile; fileRef = 03DCE4BD1D76A8F10016AC9A /* format.cc */; };
		03DCE4C71D76A8F10016AC9A /* ostream.cc in Sources */ = {isa = PBXBuildFile; fileRef = 03DCE4BF1D76A8F10016AC9A /* ostream.cc */; };
		03DCE4C81D76A8F10016AC9A /* posix.cc in Sources */ = {isa = PBXBuildFile; fileRef = 03DCE4C11D76A8F10016AC9A /* posix.cc */; };
		03FDA6751D77248000E654AB /* Logger.cpp in Sources */ = {isa = PBXBuildFile; fileRef = 03FDA6731D77248000E654AB /* Logger.cpp */; };
		03FDCD051D2F841800DF5949 /* TCPAcceptor.cpp in Sources */ = {isa = PBXBuildFile; fileRef = 03FDCD031D2F841800DF5949 /* TCPAcceptor.cpp */; };
		03FDCD081D2F8CFC00DF5949 /* TCPServer.cpp in Sources */ = {isa = PBXBuildFile; fileRef = 03FDCD061D2F8CFC00DF5949 /* TCPServer.cpp */; };
/* End PBXBuildFile section */

/* Begin PBXCopyFilesBuildPhase section */
		031CF89F1D2D4ABC0020ABBE /* CopyFiles */ = {
			isa = PBXCopyFilesBuildPhase;
			buildActionMask = 2147483647;
			dstPath = "include/$(PRODUCT_NAME)";
			dstSubfolderSpec = 16;
			files = (
			);
			runOnlyForDeploymentPostprocessing = 0;
		};
/* End PBXCopyFilesBuildPhase section */

/* Begin PBXFileReference section */
		030C61D51D545AF9006BC7A5 /* ThreadPool.cpp */ = {isa = PBXFileReference; fileEncoding = 4; lastKnownFileType = sourcecode.cpp.cpp; path = ThreadPool.cpp; sourceTree = "<group>"; };
		030C61D61D545AF9006BC7A5 /* ThreadPool.h */ = {isa = PBXFileReference; fileEncoding = 4; lastKnownFileType = sourcecode.c.h; path = ThreadPool.h; sourceTree = "<group>"; };
		031CF8A11D2D4ABC0020ABBE /* libWukongBase.a */ = {isa = PBXFileReference; explicitFileType = archive.ar; includeInIndex = 0; path = libWukongBase.a; sourceTree = BUILT_PRODUCTS_DIR; };
		032897931D75D8C800B59A7B /* async_logger.h */ = {isa = PBXFileReference; fileEncoding = 4; lastKnownFileType = sourcecode.c.h; path = async_logger.h; sourceTree = "<group>"; };
		032897941D75D8C800B59A7B /* common.h */ = {isa = PBXFileReference; fileEncoding = 4; lastKnownFileType = sourcecode.c.h; path = common.h; sourceTree = "<group>"; };
		032897961D75D8C800B59A7B /* async_log_helper.h */ = {isa = PBXFileReference; fileEncoding = 4; lastKnownFileType = sourcecode.c.h; path = async_log_helper.h; sourceTree = "<group>"; };
		032897971D75D8C800B59A7B /* async_logger_impl.h */ = {isa = PBXFileReference; fileEncoding = 4; lastKnownFileType = sourcecode.c.h; path = async_logger_impl.h; sourceTree = "<group>"; };
		032897981D75D8C800B59A7B /* file_helper.h */ = {isa = PBXFileReference; fileEncoding = 4; lastKnownFileType = sourcecode.c.h; path = file_helper.h; sourceTree = "<group>"; };
		032897991D75D8C800B59A7B /* log_msg.h */ = {isa = PBXFileReference; fileEncoding = 4; lastKnownFileType = sourcecode.c.h; path = log_msg.h; sourceTree = "<group>"; };
		0328979A1D75D8C800B59A7B /* logger_impl.h */ = {isa = PBXFileReference; fileEncoding = 4; lastKnownFileType = sourcecode.c.h; path = logger_impl.h; sourceTree = "<group>"; };
		0328979B1D75D8C800B59A7B /* mpmc_bounded_q.h */ = {isa = PBXFileReference; fileEncoding = 4; lastKnownFileType = sourcecode.c.h; path = mpmc_bounded_q.h; sourceTree = "<group>"; };
		0328979C1D75D8C800B59A7B /* null_mutex.h */ = {isa = PBXFileReference; fileEncoding = 4; lastKnownFileType = sourcecode.c.h; path = null_mutex.h; sourceTree = "<group>"; };
		0328979D1D75D8C800B59A7B /* os.h */ = {isa = PBXFileReference; fileEncoding = 4; lastKnownFileType = sourcecode.c.h; path = os.h; sourceTree = "<group>"; };
		0328979E1D75D8C800B59A7B /* pattern_formatter_impl.h */ = {isa = PBXFileReference; fileEncoding = 4; lastKnownFileType = sourcecode.c.h; path = pattern_formatter_impl.h; sourceTree = "<group>"; };
		0328979F1D75D8C800B59A7B /* registry.h */ = {isa = PBXFileReference; fileEncoding = 4; lastKnownFileType = sourcecode.c.h; path = registry.h; sourceTree = "<group>"; };
		032897A01D75D8C800B59A7B /* spdlog_impl.h */ = {isa = PBXFileReference; fileEncoding = 4; lastKnownFileType = sourcecode.c.h; path = spdlog_impl.h; sourceTree = "<group>"; };
		032897AA1D75D8C800B59A7B /* formatter.h */ = {isa = PBXFileReference; fileEncoding = 4; lastKnownFileType = sourcecode.c.h; path = formatter.h; sourceTree = "<group>"; };
		032897AB1D75D8C800B59A7B /* logger.h */ = {isa = PBXFileReference; fileEncoding = 4; lastKnownFileType = sourcecode.c.h; path = logger.h; sourceTree = "<group>"; };
		032897AD1D75D8C800B59A7B /* android_sink.h */ = {isa = PBXFileReference; fileEncoding = 4; lastKnownFileType = sourcecode.c.h; path = android_sink.h; sourceTree = "<group>"; };
		032897AE1D75D8C800B59A7B /* ansicolor_sink.h */ = {isa = PBXFileReference; fileEncoding = 4; lastKnownFileType = sourcecode.c.h; path = ansicolor_sink.h; sourceTree = "<group>"; };
		032897AF1D75D8C800B59A7B /* base_sink.h */ = {isa = PBXFileReference; fileEncoding = 4; lastKnownFileType = sourcecode.c.h; path = base_sink.h; sourceTree = "<group>"; };
		032897B01D75D8C800B59A7B /* dist_sink.h */ = {isa = PBXFileReference; fileEncoding = 4; lastKnownFileType = sourcecode.c.h; path = dist_sink.h; sourceTree = "<group>"; };
		032897B11D75D8C800B59A7B /* file_sinks.h */ = {isa = PBXFileReference; fileEncoding = 4; lastKnownFileType = sourcecode.c.h; path = file_sinks.h; sourceTree = "<group>"; };
		032897B21D75D8C800B59A7B /* msvc_sink.h */ = {isa = PBXFileReference; fileEncoding = 4; lastKnownFileType = sourcecode.c.h; path = msvc_sink.h; sourceTree = "<group>"; };
		032897B31D75D8C800B59A7B /* null_sink.h */ = {isa = PBXFileReference; fileEncoding = 4; lastKnownFileType = sourcecode.c.h; path = null_sink.h; sourceTree = "<group>"; };
		032897B41D75D8C800B59A7B /* ostream_sink.h */ = {isa = PBXFileReference; fileEncoding = 4; lastKnownFileType = sourcecode.c.h; path = ostream_sink.h; sourceTree = "<group>"; };
		032897B51D75D8C800B59A7B /* sink.h */ = {isa = PBXFileReference; fileEncoding = 4; lastKnownFileType = sourcecode.c.h; path = sink.h; sourceTree = "<group>"; };
		032897B61D75D8C800B59A7B /* stdout_sinks.h */ = {isa = PBXFileReference; fileEncoding = 4; lastKnownFileType = sourcecode.c.h; path = stdout_sinks.h; sourceTree = "<group>"; };
		032897B71D75D8C800B59A7B /* syslog_sink.h */ = {isa = PBXFileReference; fileEncoding = 4; lastKnownFileType = sourcecode.c.h; path = syslog_sink.h; sourceTree = "<group>"; };
		032897B81D75D8C800B59A7B /* spdlog.h */ = {isa = PBXFileReference; fileEncoding = 4; lastKnownFileType = sourcecode.c.h; path = spdlog.h; sourceTree = "<group>"; };
		032897B91D75D8C800B59A7B /* tweakme.h */ = {isa = PBXFileReference; fileEncoding = 4; lastKnownFileType = sourcecode.c.h; path = tweakme.h; sourceTree = "<group>"; };
		033809F81D2D4B1900CB6B4E /* Endian.cpp */ = {isa = PBXFileReference; fileEncoding = 4; lastKnownFileType = sourcecode.cpp.cpp; path = Endian.cpp; sourceTree = "<group>"; };
		033809F91D2D4B1900CB6B4E /* Endian.h */ = {isa = PBXFileReference; fileEncoding = 4; lastKnownFileType = sourcecode.c.h; path = Endian.h; sourceTree = "<group>"; };
		033809FA1D2D4B1900CB6B4E /* IPAddress.cpp */ = {isa = PBXFileReference; fileEncoding = 4; lastKnownFileType = sourcecode.cpp.cpp; path = IPAddress.cpp; sourceTree = "<group>"; };
		033809FB1D2D4B1900CB6B4E /* IPAddress.h */ = {isa = PBXFileReference; fileEncoding = 4; lastKnownFileType = sourcecode.c.h; path = IPAddress.h; sourceTree = "<group>"; };
		033809FC1D2D4B1900CB6B4E /* Packer.cpp */ = {isa = PBXFileReference; fileEncoding = 4; lastKnownFileType = sourcecode.cpp.cpp; path = Packer.cpp; sourceTree = "<group>"; };
		033809FD1D2D4B1900CB6B4E /* Packer.h */ = {isa = PBXFileReference; fileEncoding = 4; lastKnownFileType = sourcecode.c.h; path = Packer.h; sourceTree = "<group>"; };
		033809FE1D2D4B1900CB6B4E /* Packet.cpp */ = {isa = PBXFileReference; fileEncoding = 4; lastKnownFileType = sourcecode.cpp.cpp; path = Packet.cpp; sourceTree = "<group>"; };
		033809FF1D2D4B1900CB6B4E /* Packet.h */ = {isa = PBXFileReference; fileEncoding = 4; lastKnownFileType = sourcecode.c.h; path = Packet.h; sourceTree = "<group>"; };
		03380A001D2D4B1900CB6B4E /* SKBuffer.cpp */ = {isa = PBXFileReference; fileEncoding = 4; lastKnownFileType = sourcecode.cpp.cpp; path = SKBuffer.cpp; sourceTree = "<group>"; };
		03380A011D2D4B1900CB6B4E /* SKBuffer.h */ = {isa = PBXFileReference; fileEncoding = 4; lastKnownFileType = sourcecode.c.h; path = SKBuffer.h; sourceTree = "<group>"; };
		03380A021D2D4B1900CB6B4E /* TCPClient.cpp */ = {isa = PBXFileReference; fileEncoding = 4; lastKnownFileType = sourcecode.cpp.cpp; path = TCPClient.cpp; sourceTree = "<group>"; };
		03380A031D2D4B1900CB6B4E /* TCPClient.h */ = {isa = PBXFileReference; fileEncoding = 4; lastKnownFileType = sourcecode.c.h; path = TCPClient.h; sourceTree = "<group>"; };
		03380A041D2D4B1900CB6B4E /* TCPConnector.cpp */ = {isa = PBXFileReference; fileEncoding = 4; lastKnownFileType = sourcecode.cpp.cpp; path = TCPConnector.cpp; sourceTree = "<group>"; };
		03380A051D2D4B1900CB6B4E /* TCPConnector.h */ = {isa = PBXFileReference; fileEncoding = 4; lastKnownFileType = sourcecode.c.h; path = TCPConnector.h; sourceTree = "<group>"; };
		03380A061D2D4B1900CB6B4E /* TCPSession.cpp */ = {isa = PBXFileReference; fileEncoding = 4; lastKnownFileType = sourcecode.cpp.cpp; path = TCPSession.cpp; sourceTree = "<group>"; };
		03380A071D2D4B1900CB6B4E /* TCPSession.h */ = {isa = PBXFileReference; fileEncoding = 4; lastKnownFileType = sourcecode.c.h; path = TCPSession.h; sourceTree = "<group>"; };
		03380A081D2D4B1900CB6B4E /* TCPSocket.cpp */ = {isa = PBXFileReference; fileEncoding = 4; lastKnownFileType = sourcecode.cpp.cpp; path = TCPSocket.cpp; sourceTree = "<group>"; };
		03380A091D2D4B1900CB6B4E /* TCPSocket.h */ = {isa = PBXFileReference; fileEncoding = 4; lastKnownFileType = sourcecode.c.h; path = TCPSocket.h; sourceTree = "<group>"; };
		03380B531D2D4B1900CB6B4E /* IOBuffer.cpp */ = {isa = PBXFileReference; fileEncoding = 4; lastKnownFileType = sourcecode.cpp.cpp; path = IOBuffer.cpp; sourceTree = "<group>"; };
		03380B541D2D4B1900CB6B4E /* IOBuffer.h */ = {isa = PBXFileReference; fileEncoding = 4; lastKnownFileType = sourcecode.c.h; path = IOBuffer.h; sourceTree = "<group>"; };
		03380B561D2D4B1900CB6B4E /* Closure.h */ = {isa = PBXFileReference; fileEncoding = 4; lastKnownFileType = sourcecode.c.h; path = Closure.h; sourceTree = "<group>"; };
		03380B571D2D4B1900CB6B4E /* ConcurrentTaskQueue.cpp */ = {isa = PBXFileReference; fileEncoding = 4; lastKnownFileType = sourcecode.cpp.cpp; path = ConcurrentTaskQueue.cpp; sourceTree = "<group>"; };
		03380B581D2D4B1900CB6B4E /* ConcurrentTaskQueue.h */ = {isa = PBXFileReference; fileEncoding = 4; lastKnownFileType = sourcecode.c.h; path = ConcurrentTaskQueue.h; sourceTree = "<group>"; };
		03380B591D2D4B1900CB6B4E /* MessageLoop.cpp */ = {isa = PBXFileReference; fileEncoding = 4; lastKnownFileType = sourcecode.cpp.cpp; path = MessageLoop.cpp; sourceTree = "<group>"; };
		03380B5A1D2D4B1900CB6B4E /* MessageLoop.h */ = {isa = PBXFileReference; fileEncoding = 4; lastKnownFileType = sourcecode.c.h; path = MessageLoop.h; sourceTree = "<group>"; };
		03380B5B1D2D4B1900CB6B4E /* Task.cpp */ = {isa = PBXFileReference; fileEncoding = 4; lastKnownFileType = sourcecode.cpp.cpp; path = Task.cpp; sourceTree = "<group>"; };
		03380B5C1D2D4B1900CB6B4E /* Task.h */ = {isa = PBXFileReference; fileEncoding = 4; lastKnownFileType = sourcecode.c.h; path = Task.h; sourceTree = "<group>"; };
		03380B5D1D2D4B1900CB6B4E /* Time.cpp */ = {isa = PBXFileReference; fileEncoding = 4; lastKnownFileType = sourcecode.cpp.cpp; path = Time.cpp; sourceTree = "<group>"; };
		03380B5E1D2D4B1900CB6B4E /* Time.h */ = {isa = PBXFileReference; fileEncoding = 4; lastKnownFileType = sourcecode.c.h; path = Time.h; sourceTree = "<group>"; };
		03380B601D2D4B1900CB6B4E /* Thread.cpp */ = {isa = PBXFileReference; fileEncoding = 4; lastKnownFileType = sourcecode.cpp.cpp; path = Thread.cpp; sourceTree = "<group>"; };
		03380B611D2D4B1900CB6B4E /* Thread.h */ = {isa = PBXFileReference; fileEncoding = 4; lastKnownFileType = sourcecode.c.h; path = Thread.h; sourceTree = "<group>"; };
		0356B90B1D32525B005C95CD /* tree.h */ = {isa = PBXFileReference; fileEncoding = 4; lastKnownFileType = sourcecode.c.h; path = tree.h; sourceTree = "<group>"; };
		0356B90E1D32525B005C95CD /* uv-darwin.h */ = {isa = PBXFileReference; fileEncoding = 4; lastKnownFileType = sourcecode.c.h; path = "uv-darwin.h"; sourceTree = "<group>"; };
		0356B90F1D32525B005C95CD /* uv-errno.h */ = {isa = PBXFileReference; fileEncoding = 4; lastKnownFileType = sourcecode.c.h; path = "uv-errno.h"; sourceTree = "<group>"; };
		0356B9121D32525B005C95CD /* uv-threadpool.h */ = {isa = PBXFileReference; fileEncoding = 4; lastKnownFileType = sourcecode.c.h; path = "uv-threadpool.h"; sourceTree = "<group>"; };
		0356B9131D32525B005C95CD /* uv-unix.h */ = {isa = PBXFileReference; fileEncoding = 4; lastKnownFileType = sourcecode.c.h; path = "uv-unix.h"; sourceTree = "<group>"; };
		0356B9141D32525B005C95CD /* uv-version.h */ = {isa = PBXFileReference; fileEncoding = 4; lastKnownFileType = sourcecode.c.h; path = "uv-version.h"; sourceTree = "<group>"; };
		0356B9161D32525B005C95CD /* uv.h */ = {isa = PBXFileReference; fileEncoding = 4; lastKnownFileType = sourcecode.c.h; path = uv.h; sourceTree = "<group>"; };
		0356B9301D32525B005C95CD /* fs-poll.c */ = {isa = PBXFileReference; fileEncoding = 4; lastKnownFileType = sourcecode.c.c; path = "fs-poll.c"; sourceTree = "<group>"; };
		0356B9311D32525B005C95CD /* heap-inl.h */ = {isa = PBXFileReference; fileEncoding = 4; lastKnownFileType = sourcecode.c.h; path = "heap-inl.h"; sourceTree = "<group>"; };
		0356B9321D32525B005C95CD /* inet.c */ = {isa = PBXFileReference; fileEncoding = 4; lastKnownFileType = sourcecode.c.c; path = inet.c; sourceTree = "<group>"; };
		0356B9331D32525B005C95CD /* queue.h */ = {isa = PBXFileReference; fileEncoding = 4; lastKnownFileType = sourcecode.c.h; path = queue.h; sourceTree = "<group>"; };
		0356B9341D32525B005C95CD /* threadpool.c */ = {isa = PBXFileReference; fileEncoding = 4; lastKnownFileType = sourcecode.c.c; path = threadpool.c; sourceTree = "<group>"; };
		0356B9381D32525B005C95CD /* async.c */ = {isa = PBXFileReference; fileEncoding = 4; lastKnownFileType = sourcecode.c.c; path = async.c; sourceTree = "<group>"; };
		0356B9391D32525B005C95CD /* atomic-ops.h */ = {isa = PBXFileReference; fileEncoding = 4; lastKnownFileType = sourcecode.c.h; path = "atomic-ops.h"; sourceTree = "<group>"; };
		0356B93A1D32525B005C95CD /* core.c */ = {isa = PBXFileReference; fileEncoding = 4; lastKnownFileType = sourcecode.c.c; path = core.c; sourceTree = "<group>"; };
		0356B93B1D32525B005C95CD /* darwin-proctitle.c */ = {isa = PBXFileReference; fileEncoding = 4; lastKnownFileType = sourcecode.c.c; path = "darwin-proctitle.c"; sourceTree = "<group>"; };
		0356B93C1D32525B005C95CD /* darwin.c */ = {isa = PBXFileReference; fileEncoding = 4; lastKnownFileType = sourcecode.c.c; path = darwin.c; sourceTree = "<group>"; };
		0356B93D1D32525B005C95CD /* dl.c */ = {isa = PBXFileReference; fileEncoding = 4; lastKnownFileType = sourcecode.c.c; path = dl.c; sourceTree = "<group>"; };
		0356B93F1D32525B005C95CD /* fs.c */ = {isa = PBXFileReference; fileEncoding = 4; lastKnownFileType = sourcecode.c.c; path = fs.c; sourceTree = "<group>"; };
		0356B9401D32525B005C95CD /* fsevents.c */ = {isa = PBXFileReference; fileEncoding = 4; lastKnownFileType = sourcecode.c.c; path = fsevents.c; sourceTree = "<group>"; };
		0356B9411D32525B005C95CD /* getaddrinfo.c */ = {isa = PBXFileReference; fileEncoding = 4; lastKnownFileType = sourcecode.c.c; path = getaddrinfo.c; sourceTree = "<group>"; };
		0356B9421D32525B005C95CD /* getnameinfo.c */ = {isa = PBXFileReference; fileEncoding = 4; lastKnownFileType = sourcecode.c.c; path = getnameinfo.c; sourceTree = "<group>"; };
		0356B9431D32525B005C95CD /* internal.h */ = {isa = PBXFileReference; fileEncoding = 4; lastKnownFileType = sourcecode.c.h; path = internal.h; sourceTree = "<group>"; };
		0356B9441D32525B005C95CD /* kqueue.c */ = {isa = PBXFileReference; fileEncoding = 4; lastKnownFileType = sourcecode.c.c; path = kqueue.c; sourceTree = "<group>"; };
		0356B9491D32525B005C95CD /* loop-watcher.c */ = {isa = PBXFileReference; fileEncoding = 4; lastKnownFileType = sourcecode.c.c; path = "loop-watcher.c"; sourceTree = "<group>"; };
		0356B94A1D32525B005C95CD /* loop.c */ = {isa = PBXFileReference; fileEncoding = 4; lastKnownFileType = sourcecode.c.c; path = loop.c; sourceTree = "<group>"; };
		0356B94D1D32525B005C95CD /* pipe.c */ = {isa = PBXFileReference; fileEncoding = 4; lastKnownFileType = sourcecode.c.c; path = pipe.c; sourceTree = "<group>"; };
		0356B94E1D32525B005C95CD /* poll.c */ = {isa = PBXFileReference; fileEncoding = 4; lastKnownFileType = sourcecode.c.c; path = poll.c; sourceTree = "<group>"; };
		0356B94F1D32525B005C95CD /* process.c */ = {isa = PBXFileReference; fileEncoding = 4; lastKnownFileType = sourcecode.c.c; path = process.c; sourceTree = "<group>"; };
		0356B9501D32525B005C95CD /* proctitle.c */ = {isa = PBXFileReference; fileEncoding = 4; lastKnownFileType = sourcecode.c.c; path = proctitle.c; sourceTree = "<group>"; };
		0356B9521D32525B005C95CD /* signal.c */ = {isa = PBXFileReference; fileEncoding = 4; lastKnownFileType = sourcecode.c.c; path = signal.c; sourceTree = "<group>"; };
		0356B9531D32525B005C95CD /* spinlock.h */ = {isa = PBXFileReference; fileEncoding = 4; lastKnownFileType = sourcecode.c.h; path = spinlock.h; sourceTree = "<group>"; };
		0356B9541D32525B005C95CD /* stream.c */ = {isa = PBXFileReference; fileEncoding = 4; lastKnownFileType = sourcecode.c.c; path = stream.c; sourceTree = "<group>"; };
		0356B9561D32525B005C95CD /* tcp.c */ = {isa = PBXFileReference; fileEncoding = 4; lastKnownFileType = sourcecode.c.c; path = tcp.c; sourceTree = "<group>"; };
		0356B9571D32525B005C95CD /* thread.c */ = {isa = PBXFileReference; fileEncoding = 4; lastKnownFileType = sourcecode.c.c; path = thread.c; sourceTree = "<group>"; };
		0356B9581D32525B005C95CD /* timer.c */ = {isa = PBXFileReference; fileEncoding = 4; lastKnownFileType = sourcecode.c.c; path = timer.c; sourceTree = "<group>"; };
		0356B9591D32525B005C95CD /* tty.c */ = {isa = PBXFileReference; fileEncoding = 4; lastKnownFileType = sourcecode.c.c; path = tty.c; sourceTree = "<group>"; };
		0356B95A1D32525B005C95CD /* udp.c */ = {isa = PBXFileReference; fileEncoding = 4; lastKnownFileType = sourcecode.c.c; path = udp.c; sourceTree = "<group>"; };
		0356B95B1D32525B005C95CD /* uv-common.c */ = {isa = PBXFileReference; fileEncoding = 4; lastKnownFileType = sourcecode.c.c; path = "uv-common.c"; sourceTree = "<group>"; };
		0356B95C1D32525B005C95CD /* uv-common.h */ = {isa = PBXFileReference; fileEncoding = 4; lastKnownFileType = sourcecode.c.h; path = "uv-common.h"; sourceTree = "<group>"; };
		0356B95D1D32525B005C95CD /* version.c */ = {isa = PBXFileReference; fileEncoding = 4; lastKnownFileType = sourcecode.c.c; path = version.c; sourceTree = "<group>"; };
		03D451B41D34D03200A2C630 /* http_parser.c */ = {isa = PBXFileReference; fileEncoding = 4; lastKnownFileType = sourcecode.c.c; path = http_parser.c; sourceTree = "<group>"; };
		03D451B61D34D03200A2C630 /* http_parser.h */ = {isa = PBXFileReference; fileEncoding = 4; lastKnownFileType = sourcecode.c.h; path = http_parser.h; sourceTree = "<group>"; };
		03D451C21D34DBE700A2C630 /* URLResponse.cpp */ = {isa = PBXFileReference; fileEncoding = 4; lastKnownFileType = sourcecode.cpp.cpp; path = URLResponse.cpp; sourceTree = "<group>"; };
		03D451C31D34DBE700A2C630 /* URLResponse.h */ = {isa = PBXFileReference; fileEncoding = 4; lastKnownFileType = sourcecode.c.h; path = URLResponse.h; sourceTree = "<group>"; };
		03D451C51D35322900A2C630 /* HTTPParser.cpp */ = {isa = PBXFileReference; fileEncoding = 4; lastKnownFileType = sourcecode.cpp.cpp; path = HTTPParser.cpp; sourceTree = "<group>"; };
		03D451C61D35322900A2C630 /* HTTPParser.h */ = {isa = PBXFileReference; fileEncoding = 4; lastKnownFileType = sourcecode.c.h; path = HTTPParser.h; sourceTree = "<group>"; };
		03D451C81D36830200A2C630 /* URL.cpp */ = {isa = PBXFileReference; fileEncoding = 4; lastKnownFileType = sourcecode.cpp.cpp; path = URL.cpp; sourceTree = "<group>"; };
		03D451C91D36830200A2C630 /* URL.h */ = {isa = PBXFileReference; fileEncoding = 4; lastKnownFileType = sourcecode.c.h; path = URL.h; sourceTree = "<group>"; };
		03D7ABD21D337788000C5E89 /* URLRequest.cpp */ = {isa = PBXFileReference; fileEncoding = 4; lastKnownFileType = sourcecode.cpp.cpp; path = URLRequest.cpp; sourceTree = "<group>"; };
		03D7ABD31D337788000C5E89 /* URLRequest.h */ = {isa = PBXFileReference; fileEncoding = 4; lastKnownFileType = sourcecode.c.h; path = URLRequest.h; sourceTree = "<group>"; };
		03DCE4BD1D76A8F10016AC9A /* format.cc */ = {isa = PBXFileReference; fileEncoding = 4; lastKnownFileType = sourcecode.cpp.cpp; path = format.cc; sourceTree = "<group>"; };
		03DCE4BE1D76A8F10016AC9A /* format.h */ = {isa = PBXFileReference; fileEncoding = 4; lastKnownFileType = sourcecode.c.h; path = format.h; sourceTree = "<group>"; };
		03DCE4BF1D76A8F10016AC9A /* ostream.cc */ = {isa = PBXFileReference; fileEncoding = 4; lastKnownFileType = sourcecode.cpp.cpp; path = ostream.cc; sourceTree = "<group>"; };
		03DCE4C01D76A8F10016AC9A /* ostream.h */ = {isa = PBXFileReference; fileEncoding = 4; lastKnownFileType = sourcecode.c.h; path = ostream.h; sourceTree = "<group>"; };
		03DCE4C11D76A8F10016AC9A /* posix.cc */ = {isa = PBXFileReference; fileEncoding = 4; lastKnownFileType = sourcecode.cpp.cpp; path = posix.cc; sourceTree = "<group>"; };
		03DCE4C21D76A8F10016AC9A /* posix.h */ = {isa = PBXFileReference; fileEncoding = 4; lastKnownFileType = sourcecode.c.h; path = posix.h; sourceTree = "<group>"; };
		03DCE4C31D76A8F10016AC9A /* printf.h */ = {isa = PBXFileReference; fileEncoding = 4; lastKnownFileType = sourcecode.c.h; path = printf.h; sourceTree = "<group>"; };
		03DCE4C41D76A8F10016AC9A /* string.h */ = {isa = PBXFileReference; fileEncoding = 4; lastKnownFileType = sourcecode.c.h; path = string.h; sourceTree = "<group>"; };
		03DCE4C51D76A8F10016AC9A /* time.h */ = {isa = PBXFileReference; fileEncoding = 4; lastKnownFileType = sourcecode.c.h; path = time.h; sourceTree = "<group>"; };
		03FDA6731D77248000E654AB /* Logger.cpp */ = {isa = PBXFileReference; fileEncoding = 4; lastKnownFileType = sourcecode.cpp.cpp; path = Logger.cpp; sourceTree = "<group>"; };
		03FDA6741D77248000E654AB /* Logger.h */ = {isa = PBXFileReference; fileEncoding = 4; lastKnownFileType = sourcecode.c.h; path = Logger.h; sourceTree = "<group>"; };
		03FDCD031D2F841800DF5949 /* TCPAcceptor.cpp */ = {isa = PBXFileReference; fileEncoding = 4; lastKnownFileType = sourcecode.cpp.cpp; path = TCPAcceptor.cpp; sourceTree = "<group>"; };
		03FDCD041D2F841800DF5949 /* TCPAcceptor.h */ = {isa = PBXFileReference; fileEncoding = 4; lastKnownFileType = sourcecode.c.h; path = TCPAcceptor.h; sourceTree = "<group>"; };
		03FDCD061D2F8CFC00DF5949 /* TCPServer.cpp */ = {isa = PBXFileReference; fileEncoding = 4; lastKnownFileType = sourcecode.cpp.cpp; path = TCPServer.cpp; sourceTree = "<group>"; };
		03FDCD071D2F8CFC00DF5949 /* TCPServer.h */ = {isa = PBXFileReference; fileEncoding = 4; lastKnownFileType = sourcecode.c.h; path = TCPServer.h; sourceTree = "<group>"; };
/* End PBXFileReference section */

/* Begin PBXFrameworksBuildPhase section */
		031CF89E1D2D4ABC0020ABBE /* Frameworks */ = {
			isa = PBXFrameworksBuildPhase;
			buildActionMask = 2147483647;
			files = (
			);
			runOnlyForDeploymentPostprocessing = 0;
		};
/* End PBXFrameworksBuildPhase section */

/* Begin PBXGroup section */
		031CF8981D2D4ABC0020ABBE = {
			isa = PBXGroup;
			children = (
				031CF8A31D2D4ABC0020ABBE /* WukongBase */,
				031CF8A21D2D4ABC0020ABBE /* Products */,
			);
			sourceTree = "<group>";
		};
		031CF8A21D2D4ABC0020ABBE /* Products */ = {
			isa = PBXGroup;
			children = (
				031CF8A11D2D4ABC0020ABBE /* libWukongBase.a */,
			);
			name = Products;
			sourceTree = "<group>";
		};
		031CF8A31D2D4ABC0020ABBE /* WukongBase */ = {
			isa = PBXGroup;
			children = (
				033809F71D2D4B1900CB6B4E /* net */,
				03380A0A1D2D4B1900CB6B4E /* third_party */,
				03380B521D2D4B1900CB6B4E /* base */,
			);
			name = WukongBase;
			path = ..;
			sourceTree = "<group>";
		};
		0328976B1D75D8C800B59A7B /* spdlog */ = {
			isa = PBXGroup;
			children = (
				032897911D75D8C800B59A7B /* include */,
			);
			name = spdlog;
			path = spdlog/spdlog;
			sourceTree = "<group>";
		};
		032897911D75D8C800B59A7B /* include */ = {
			isa = PBXGroup;
			children = (
				032897921D75D8C800B59A7B /* spdlog */,
			);
			path = include;
			sourceTree = "<group>";
		};
		032897921D75D8C800B59A7B /* spdlog */ = {
			isa = PBXGroup;
			children = (
				032897931D75D8C800B59A7B /* async_logger.h */,
				032897941D75D8C800B59A7B /* common.h */,
				032897951D75D8C800B59A7B /* details */,
				032897AA1D75D8C800B59A7B /* formatter.h */,
				032897AB1D75D8C800B59A7B /* logger.h */,
				032897AC1D75D8C800B59A7B /* sinks */,
				032897B81D75D8C800B59A7B /* spdlog.h */,
				032897B91D75D8C800B59A7B /* tweakme.h */,
			);
			path = spdlog;
			sourceTree = "<group>";
		};
		032897951D75D8C800B59A7B /* details */ = {
			isa = PBXGroup;
			children = (
				032897961D75D8C800B59A7B /* async_log_helper.h */,
				032897971D75D8C800B59A7B /* async_logger_impl.h */,
				032897981D75D8C800B59A7B /* file_helper.h */,
				032897991D75D8C800B59A7B /* log_msg.h */,
				0328979A1D75D8C800B59A7B /* logger_impl.h */,
				0328979B1D75D8C800B59A7B /* mpmc_bounded_q.h */,
				0328979C1D75D8C800B59A7B /* null_mutex.h */,
				0328979D1D75D8C800B59A7B /* os.h */,
				0328979E1D75D8C800B59A7B /* pattern_formatter_impl.h */,
				0328979F1D75D8C800B59A7B /* registry.h */,
				032897A01D75D8C800B59A7B /* spdlog_impl.h */,
			);
			path = details;
			sourceTree = "<group>";
		};
		032897AC1D75D8C800B59A7B /* sinks */ = {
			isa = PBXGroup;
			children = (
				032897AD1D75D8C800B59A7B /* android_sink.h */,
				032897AE1D75D8C800B59A7B /* ansicolor_sink.h */,
				032897AF1D75D8C800B59A7B /* base_sink.h */,
				032897B01D75D8C800B59A7B /* dist_sink.h */,
				032897B11D75D8C800B59A7B /* file_sinks.h */,
				032897B21D75D8C800B59A7B /* msvc_sink.h */,
				032897B31D75D8C800B59A7B /* null_sink.h */,
				032897B41D75D8C800B59A7B /* ostream_sink.h */,
				032897B51D75D8C800B59A7B /* sink.h */,
				032897B61D75D8C800B59A7B /* stdout_sinks.h */,
				032897B71D75D8C800B59A7B /* syslog_sink.h */,
			);
			path = sinks;
			sourceTree = "<group>";
		};
		033809F71D2D4B1900CB6B4E /* net */ = {
			isa = PBXGroup;
			children = (
				033809F81D2D4B1900CB6B4E /* Endian.cpp */,
				033809F91D2D4B1900CB6B4E /* Endian.h */,
				033809FA1D2D4B1900CB6B4E /* IPAddress.cpp */,
				033809FB1D2D4B1900CB6B4E /* IPAddress.h */,
				033809FC1D2D4B1900CB6B4E /* Packer.cpp */,
				033809FD1D2D4B1900CB6B4E /* Packer.h */,
				033809FE1D2D4B1900CB6B4E /* Packet.cpp */,
				033809FF1D2D4B1900CB6B4E /* Packet.h */,
				03380A001D2D4B1900CB6B4E /* SKBuffer.cpp */,
				03380A011D2D4B1900CB6B4E /* SKBuffer.h */,
				03380A021D2D4B1900CB6B4E /* TCPClient.cpp */,
				03380A031D2D4B1900CB6B4E /* TCPClient.h */,
				03380A041D2D4B1900CB6B4E /* TCPConnector.cpp */,
				03380A051D2D4B1900CB6B4E /* TCPConnector.h */,
				03380A061D2D4B1900CB6B4E /* TCPSession.cpp */,
				03380A071D2D4B1900CB6B4E /* TCPSession.h */,
				03380A081D2D4B1900CB6B4E /* TCPSocket.cpp */,
				03380A091D2D4B1900CB6B4E /* TCPSocket.h */,
				03FDCD031D2F841800DF5949 /* TCPAcceptor.cpp */,
				03FDCD041D2F841800DF5949 /* TCPAcceptor.h */,
				03FDCD061D2F8CFC00DF5949 /* TCPServer.cpp */,
				03FDCD071D2F8CFC00DF5949 /* TCPServer.h */,
				03D7ABD21D337788000C5E89 /* URLRequest.cpp */,
				03D7ABD31D337788000C5E89 /* URLRequest.h */,
				03D451C21D34DBE700A2C630 /* URLResponse.cpp */,
				03D451C31D34DBE700A2C630 /* URLResponse.h */,
				03D451C51D35322900A2C630 /* HTTPParser.cpp */,
				03D451C61D35322900A2C630 /* HTTPParser.h */,
				03D451C81D36830200A2C630 /* URL.cpp */,
				03D451C91D36830200A2C630 /* URL.h */,
			);
			path = net;
			sourceTree = "<group>";
		};
		03380A0A1D2D4B1900CB6B4E /* third_party */ = {
			isa = PBXGroup;
			children = (
				03DCE4BB1D76A8F10016AC9A /* fmt */,
				0328976B1D75D8C800B59A7B /* spdlog */,
				03D451AB1D34D03200A2C630 /* http_parser */,
				0356B8CF1D32525B005C95CD /* libuv */,
			);
			path = third_party;
			sourceTree = "<group>";
		};
		03380B521D2D4B1900CB6B4E /* base */ = {
			isa = PBXGroup;
			children = (
				03380B531D2D4B1900CB6B4E /* IOBuffer.cpp */,
				03380B541D2D4B1900CB6B4E /* IOBuffer.h */,
				03380B551D2D4B1900CB6B4E /* message_loop */,
				03380B5F1D2D4B1900CB6B4E /* thread */,
				03FDA6731D77248000E654AB /* Logger.cpp */,
				03FDA6741D77248000E654AB /* Logger.h */,
			);
			path = base;
			sourceTree = "<group>";
		};
		03380B551D2D4B1900CB6B4E /* message_loop */ = {
			isa = PBXGroup;
			children = (
				03380B561D2D4B1900CB6B4E /* Closure.h */,
				03380B571D2D4B1900CB6B4E /* ConcurrentTaskQueue.cpp */,
				03380B581D2D4B1900CB6B4E /* ConcurrentTaskQueue.h */,
				03380B591D2D4B1900CB6B4E /* MessageLoop.cpp */,
				03380B5A1D2D4B1900CB6B4E /* MessageLoop.h */,
				03380B5B1D2D4B1900CB6B4E /* Task.cpp */,
				03380B5C1D2D4B1900CB6B4E /* Task.h */,
				03380B5D1D2D4B1900CB6B4E /* Time.cpp */,
				03380B5E1D2D4B1900CB6B4E /* Time.h */,
			);
			path = message_loop;
			sourceTree = "<group>";
		};
		03380B5F1D2D4B1900CB6B4E /* thread */ = {
			isa = PBXGroup;
			children = (
				030C61D51D545AF9006BC7A5 /* ThreadPool.cpp */,
				030C61D61D545AF9006BC7A5 /* ThreadPool.h */,
				03380B601D2D4B1900CB6B4E /* Thread.cpp */,
				03380B611D2D4B1900CB6B4E /* Thread.h */,
			);
			path = thread;
			sourceTree = "<group>";
		};
		0356B8CF1D32525B005C95CD /* libuv */ = {
			isa = PBXGroup;
			children = (
				0356B9071D32525B005C95CD /* include */,
				0356B92F1D32525B005C95CD /* src */,
			);
			name = libuv;
			path = libuv/libuv;
			sourceTree = "<group>";
		};
		0356B9071D32525B005C95CD /* include */ = {
			isa = PBXGroup;
			children = (
				0356B90B1D32525B005C95CD /* tree.h */,
				0356B90E1D32525B005C95CD /* uv-darwin.h */,
				0356B90F1D32525B005C95CD /* uv-errno.h */,
				0356B9121D32525B005C95CD /* uv-threadpool.h */,
				0356B9131D32525B005C95CD /* uv-unix.h */,
				0356B9141D32525B005C95CD /* uv-version.h */,
				0356B9161D32525B005C95CD /* uv.h */,
			);
			path = include;
			sourceTree = "<group>";
		};
		0356B92F1D32525B005C95CD /* src */ = {
			isa = PBXGroup;
			children = (
				0356B9301D32525B005C95CD /* fs-poll.c */,
				0356B9311D32525B005C95CD /* heap-inl.h */,
				0356B9321D32525B005C95CD /* inet.c */,
				0356B9331D32525B005C95CD /* queue.h */,
				0356B9341D32525B005C95CD /* threadpool.c */,
				0356B9351D32525B005C95CD /* unix */,
				0356B95B1D32525B005C95CD /* uv-common.c */,
				0356B95C1D32525B005C95CD /* uv-common.h */,
				0356B95D1D32525B005C95CD /* version.c */,
			);
			path = src;
			sourceTree = "<group>";
		};
		0356B9351D32525B005C95CD /* unix */ = {
			isa = PBXGroup;
			children = (
				0356B9381D32525B005C95CD /* async.c */,
				0356B9391D32525B005C95CD /* atomic-ops.h */,
				0356B93A1D32525B005C95CD /* core.c */,
				0356B93B1D32525B005C95CD /* darwin-proctitle.c */,
				0356B93C1D32525B005C95CD /* darwin.c */,
				0356B93D1D32525B005C95CD /* dl.c */,
				0356B93F1D32525B005C95CD /* fs.c */,
				0356B9401D32525B005C95CD /* fsevents.c */,
				0356B9411D32525B005C95CD /* getaddrinfo.c */,
				0356B9421D32525B005C95CD /* getnameinfo.c */,
				0356B9431D32525B005C95CD /* internal.h */,
				0356B9441D32525B005C95CD /* kqueue.c */,
				0356B9491D32525B005C95CD /* loop-watcher.c */,
				0356B94A1D32525B005C95CD /* loop.c */,
				0356B94D1D32525B005C95CD /* pipe.c */,
				0356B94E1D32525B005C95CD /* poll.c */,
				0356B94F1D32525B005C95CD /* process.c */,
				0356B9501D32525B005C95CD /* proctitle.c */,
				0356B9521D32525B005C95CD /* signal.c */,
				0356B9531D32525B005C95CD /* spinlock.h */,
				0356B9541D32525B005C95CD /* stream.c */,
				0356B9561D32525B005C95CD /* tcp.c */,
				0356B9571D32525B005C95CD /* thread.c */,
				0356B9581D32525B005C95CD /* timer.c */,
				0356B9591D32525B005C95CD /* tty.c */,
				0356B95A1D32525B005C95CD /* udp.c */,
			);
			path = unix;
			sourceTree = "<group>";
		};
		03D451AB1D34D03200A2C630 /* http_parser */ = {
			isa = PBXGroup;
			children = (
				03D451B41D34D03200A2C630 /* http_parser.c */,
				03D451B61D34D03200A2C630 /* http_parser.h */,
			);
			name = http_parser;
			path = http_parser/http_parser;
			sourceTree = "<group>";
		};
		03DCE4BB1D76A8F10016AC9A /* fmt */ = {
			isa = PBXGroup;
			children = (
				03DCE4BD1D76A8F10016AC9A /* format.cc */,
				03DCE4BE1D76A8F10016AC9A /* format.h */,
				03DCE4BF1D76A8F10016AC9A /* ostream.cc */,
				03DCE4C01D76A8F10016AC9A /* ostream.h */,
				03DCE4C11D76A8F10016AC9A /* posix.cc */,
				03DCE4C21D76A8F10016AC9A /* posix.h */,
				03DCE4C31D76A8F10016AC9A /* printf.h */,
				03DCE4C41D76A8F10016AC9A /* string.h */,
				03DCE4C51D76A8F10016AC9A /* time.h */,
			);
			name = fmt;
			path = fmt/fmt/fmt;
			sourceTree = "<group>";
		};
/* End PBXGroup section */

/* Begin PBXNativeTarget section */
		031CF8A01D2D4ABC0020ABBE /* WukongBase */ = {
			isa = PBXNativeTarget;
			buildConfigurationList = 031CF8AA1D2D4ABC0020ABBE /* Build configuration list for PBXNativeTarget "WukongBase" */;
			buildPhases = (
				031CF89D1D2D4ABC0020ABBE /* Sources */,
				031CF89E1D2D4ABC0020ABBE /* Frameworks */,
				031CF89F1D2D4ABC0020ABBE /* CopyFiles */,
			);
			buildRules = (
			);
			dependencies = (
			);
			name = WukongBase;
			productName = WukongBase;
			productReference = 031CF8A11D2D4ABC0020ABBE /* libWukongBase.a */;
			productType = "com.apple.product-type.library.static";
		};
/* End PBXNativeTarget section */

/* Begin PBXProject section */
		031CF8991D2D4ABC0020ABBE /* Project object */ = {
			isa = PBXProject;
			attributes = {
				LastUpgradeCheck = 0730;
				ORGANIZATIONNAME = Xuhui;
				TargetAttributes = {
					031CF8A01D2D4ABC0020ABBE = {
						CreatedOnToolsVersion = 7.3.1;
					};
				};
			};
			buildConfigurationList = 031CF89C1D2D4ABC0020ABBE /* Build configuration list for PBXProject "WukongBase" */;
			compatibilityVersion = "Xcode 3.2";
			developmentRegion = English;
			hasScannedForEncodings = 0;
			knownRegions = (
				en,
			);
			mainGroup = 031CF8981D2D4ABC0020ABBE;
			productRefGroup = 031CF8A21D2D4ABC0020ABBE /* Products */;
			projectDirPath = "";
			projectRoot = "";
			targets = (
				031CF8A01D2D4ABC0020ABBE /* WukongBase */,
			);
		};
/* End PBXProject section */

/* Begin PBXSourcesBuildPhase section */
		031CF89D1D2D4ABC0020ABBE /* Sources */ = {
			isa = PBXSourcesBuildPhase;
			buildActionMask = 2147483647;
			files = (
				03380C401D2D4B1A00CB6B4E /* ConcurrentTaskQueue.cpp in Sources */,
				03380B671D2D4B1900CB6B4E /* TCPClient.cpp in Sources */,
				03380B621D2D4B1900CB6B4E /* Endian.cpp in Sources */,
				0356BA3C1D32525B005C95CD /* signal.c in Sources */,
				0356BA371D32525B005C95CD /* pipe.c in Sources */,
				03DCE4C71D76A8F10016AC9A /* ostream.cc in Sources */,
				0356BA421D32525B005C95CD /* tty.c in Sources */,
				0356BA451D32525B005C95CD /* version.c in Sources */,
				0356BA2D1D32525B005C95CD /* getaddrinfo.c in Sources */,
				0356BA3F1D32525B005C95CD /* tcp.c in Sources */,
				0356BA281D32525B005C95CD /* darwin.c in Sources */,
				0356BA3A1D32525B005C95CD /* proctitle.c in Sources */,
				0356BA2C1D32525B005C95CD /* fsevents.c in Sources */,
				0356BA2B1D32525B005C95CD /* fs.c in Sources */,
				0356BA401D32525B005C95CD /* thread.c in Sources */,
				0356BA411D32525B005C95CD /* timer.c in Sources */,
				0356BA431D32525B005C95CD /* udp.c in Sources */,
				0356BA3D1D32525B005C95CD /* stream.c in Sources */,
				03D7ABD41D337788000C5E89 /* URLRequest.cpp in Sources */,
				03D451C71D35322900A2C630 /* HTTPParser.cpp in Sources */,
				0356BA251D32525B005C95CD /* async.c in Sources */,
				03FDCD051D2F841800DF5949 /* TCPAcceptor.cpp in Sources */,
				03D451C41D34DBE700A2C630 /* URLResponse.cpp in Sources */,
				03380C421D2D4B1A00CB6B4E /* Task.cpp in Sources */,
				03380C411D2D4B1A00CB6B4E /* MessageLoop.cpp in Sources */,
				0356BA381D32525B005C95CD /* poll.c in Sources */,
				0356BA271D32525B005C95CD /* darwin-proctitle.c in Sources */,
				03FDCD081D2F8CFC00DF5949 /* TCPServer.cpp in Sources */,
				0356BA261D32525B005C95CD /* core.c in Sources */,
				0356BA221D32525B005C95CD /* threadpool.c in Sources */,
				03380C441D2D4B1A00CB6B4E /* Thread.cpp in Sources */,
				0356BA331D32525B005C95CD /* loop-watcher.c in Sources */,
				03380B691D2D4B1900CB6B4E /* TCPSession.cpp in Sources */,
				03380B661D2D4B1900CB6B4E /* SKBuffer.cpp in Sources */,
				03D451CA1D36830200A2C630 /* URL.cpp in Sources */,
				0356BA291D32525B005C95CD /* dl.c in Sources */,
				0356BA341D32525B005C95CD /* loop.c in Sources */,
				03380C431D2D4B1A00CB6B4E /* Time.cpp in Sources */,
				03DCE4C81D76A8F10016AC9A /* posix.cc in Sources */,
				0356BA2E1D32525B005C95CD /* getnameinfo.c in Sources */,
				03380B6A1D2D4B1900CB6B4E /* TCPSocket.cpp in Sources */,
				03FDA6751D77248000E654AB /* Logger.cpp in Sources */,
				03380B631D2D4B1900CB6B4E /* IPAddress.cpp in Sources */,
				0356BA211D32525B005C95CD /* inet.c in Sources */,
				030C61D71D545AF9006BC7A5 /* ThreadPool.cpp in Sources */,
				03D451BE1D34D03200A2C630 /* http_parser.c in Sources */,
				03380B641D2D4B1900CB6B4E /* Packer.cpp in Sources */,
				03380C3F1D2D4B1A00CB6B4E /* IOBuffer.cpp in Sources */,
				0356BA201D32525B005C95CD /* fs-poll.c in Sources */,
				0356BA2F1D32525B005C95CD /* kqueue.c in Sources */,
				03DCE4C61D76A8F10016AC9A /* format.cc in Sources */,
				03380B651D2D4B1900CB6B4E /* Packet.cpp in Sources */,
				0356BA391D32525B005C95CD /* process.c in Sources */,
				0356BA441D32525B005C95CD /* uv-common.c in Sources */,
				03380B681D2D4B1900CB6B4E /* TCPConnector.cpp in Sources */,
			);
			runOnlyForDeploymentPostprocessing = 0;
		};
/* End PBXSourcesBuildPhase section */

/* Begin XCBuildConfiguration section */
		031CF8A81D2D4ABC0020ABBE /* Debug */ = {
			isa = XCBuildConfiguration;
			buildSettings = {
				ALWAYS_SEARCH_USER_PATHS = NO;
				CLANG_ANALYZER_NONNULL = YES;
				CLANG_CXX_LANGUAGE_STANDARD = "gnu++0x";
				CLANG_CXX_LIBRARY = "libc++";
				CLANG_ENABLE_MODULES = YES;
				CLANG_ENABLE_OBJC_ARC = YES;
				CLANG_WARN_BOOL_CONVERSION = YES;
				CLANG_WARN_CONSTANT_CONVERSION = YES;
				CLANG_WARN_DIRECT_OBJC_ISA_USAGE = YES_ERROR;
				CLANG_WARN_EMPTY_BODY = YES;
				CLANG_WARN_ENUM_CONVERSION = YES;
				CLANG_WARN_INT_CONVERSION = YES;
				CLANG_WARN_OBJC_ROOT_CLASS = YES_ERROR;
				CLANG_WARN_UNREACHABLE_CODE = YES;
				CLANG_WARN__DUPLICATE_METHOD_MATCH = YES;
				"CODE_SIGN_IDENTITY[sdk=iphoneos*]" = "iPhone Developer";
				COPY_PHASE_STRIP = NO;
				DEBUG_INFORMATION_FORMAT = dwarf;
				ENABLE_STRICT_OBJC_MSGSEND = YES;
				ENABLE_TESTABILITY = YES;
				GCC_C_LANGUAGE_STANDARD = gnu99;
				GCC_DYNAMIC_NO_PIC = NO;
				GCC_NO_COMMON_BLOCKS = YES;
				GCC_OPTIMIZATION_LEVEL = 0;
				GCC_PREPROCESSOR_DEFINITIONS = "NDEBUG=1";
				GCC_WARN_64_TO_32_BIT_CONVERSION = YES;
				GCC_WARN_ABOUT_RETURN_TYPE = YES_ERROR;
				GCC_WARN_UNDECLARED_SELECTOR = YES;
				GCC_WARN_UNINITIALIZED_AUTOS = YES_AGGRESSIVE;
				GCC_WARN_UNUSED_FUNCTION = YES;
				GCC_WARN_UNUSED_VARIABLE = YES;
				HEADER_SEARCH_PATHS = (
					../third_party/spdlog/spdlog/include/,
					../third_party/fmt/fmt,
				);
				IPHONEOS_DEPLOYMENT_TARGET = 9.3;
				MTL_ENABLE_DEBUG_INFO = YES;
				ONLY_ACTIVE_ARCH = YES;
				SDKROOT = iphoneos;
				USER_HEADER_SEARCH_PATHS = ".. ../third_party/libuv/libuv/include ../third_party/http_parser";
			};
			name = Debug;
		};
		031CF8A91D2D4ABC0020ABBE /* Release */ = {
			isa = XCBuildConfiguration;
			buildSettings = {
				ALWAYS_SEARCH_USER_PATHS = NO;
				CLANG_ANALYZER_NONNULL = YES;
				CLANG_CXX_LANGUAGE_STANDARD = "gnu++0x";
				CLANG_CXX_LIBRARY = "libc++";
				CLANG_ENABLE_MODULES = YES;
				CLANG_ENABLE_OBJC_ARC = YES;
				CLANG_WARN_BOOL_CONVERSION = YES;
				CLANG_WARN_CONSTANT_CONVERSION = YES;
				CLANG_WARN_DIRECT_OBJC_ISA_USAGE = YES_ERROR;
				CLANG_WARN_EMPTY_BODY = YES;
				CLANG_WARN_ENUM_CONVERSION = YES;
				CLANG_WARN_INT_CONVERSION = YES;
				CLANG_WARN_OBJC_ROOT_CLASS = YES_ERROR;
				CLANG_WARN_UNREACHABLE_CODE = YES;
				CLANG_WARN__DUPLICATE_METHOD_MATCH = YES;
				"CODE_SIGN_IDENTITY[sdk=iphoneos*]" = "iPhone Developer";
				COPY_PHASE_STRIP = NO;
				DEBUG_INFORMATION_FORMAT = "dwarf-with-dsym";
				ENABLE_NS_ASSERTIONS = NO;
				ENABLE_STRICT_OBJC_MSGSEND = YES;
				GCC_C_LANGUAGE_STANDARD = gnu99;
				GCC_NO_COMMON_BLOCKS = YES;
				GCC_PREPROCESSOR_DEFINITIONS = "";
				GCC_WARN_64_TO_32_BIT_CONVERSION = YES;
				GCC_WARN_ABOUT_RETURN_TYPE = YES_ERROR;
				GCC_WARN_UNDECLARED_SELECTOR = YES;
				GCC_WARN_UNINITIALIZED_AUTOS = YES_AGGRESSIVE;
				GCC_WARN_UNUSED_FUNCTION = YES;
				GCC_WARN_UNUSED_VARIABLE = YES;
				HEADER_SEARCH_PATHS = (
					../third_party/spdlog/spdlog/include/,
					../third_party/fmt/fmt,
				);
				IPHONEOS_DEPLOYMENT_TARGET = 9.3;
				MTL_ENABLE_DEBUG_INFO = NO;
				SDKROOT = iphoneos;
				USER_HEADER_SEARCH_PATHS = ".. ../third_party/libuv/libuv/include ../third_party/http_parser";
				VALIDATE_PRODUCT = YES;
			};
			name = Release;
		};
		031CF8AB1D2D4ABC0020ABBE /* Debug */ = {
			isa = XCBuildConfiguration;
			buildSettings = {
				OTHER_LDFLAGS = "-ObjC";
				PRODUCT_NAME = "$(TARGET_NAME)";
				SKIP_INSTALL = YES;
			};
			name = Debug;
		};
		031CF8AC1D2D4ABC0020ABBE /* Release */ = {
			isa = XCBuildConfiguration;
			buildSettings = {
				OTHER_LDFLAGS = "-ObjC";
				PRODUCT_NAME = "$(TARGET_NAME)";
				SKIP_INSTALL = YES;
			};
			name = Release;
		};
/* End XCBuildConfiguration section */

/* Begin XCConfigurationList section */
		031CF89C1D2D4ABC0020ABBE /* Build configuration list for PBXProject "WukongBase" */ = {
			isa = XCConfigurationList;
			buildConfigurations = (
				031CF8A81D2D4ABC0020ABBE /* Debug */,
				031CF8A91D2D4ABC0020ABBE /* Release */,
			);
			defaultConfigurationIsVisible = 0;
			defaultConfigurationName = Release;
		};
		031CF8AA1D2D4ABC0020ABBE /* Build configuration list for PBXNativeTarget "WukongBase" */ = {
			isa = XCConfigurationList;
			buildConfigurations = (
				031CF8AB1D2D4ABC0020ABBE /* Debug */,
				031CF8AC1D2D4ABC0020ABBE /* Release */,
			);
			defaultConfigurationIsVisible = 0;
			defaultConfigurationName = Release;
		};
/* End XCConfigurationList section */
	};
	rootObject = 031CF8991D2D4ABC0020ABBE /* Project object */;
}
